// !$*UTF8*$!
{
	archiveVersion = 1;
	classes = {
	};
	objectVersion = 56;
	objects = {

/* Begin PBXBuildFile section */
		30271F812B9F7C8D002FB1FC /* End.swift in Sources */ = {isa = PBXBuildFile; fileRef = 30271F802B9F7C8C002FB1FC /* End.swift */; };
		306C38F42BBF1948005A5613 /* User.swift in Sources */ = {isa = PBXBuildFile; fileRef = 306C38F32BBF1948005A5613 /* User.swift */; };
		3072A44A2BC5E7FE00A14617 /* Cotization.swift in Sources */ = {isa = PBXBuildFile; fileRef = 3072A4492BC5E7FE00A14617 /* Cotization.swift */; };
		3072A44C2BC5ED5200A14617 /* ConversionResult.swift in Sources */ = {isa = PBXBuildFile; fileRef = 3072A44B2BC5ED5200A14617 /* ConversionResult.swift */; };
		309F72792BB4B14900B87F63 /* MyCollectionViewCell.swift in Sources */ = {isa = PBXBuildFile; fileRef = 309F72782BB4B14900B87F63 /* MyCollectionViewCell.swift */; };
		309F727B2BB4B17200B87F63 /* LoginViewController.swift in Sources */ = {isa = PBXBuildFile; fileRef = 309F727A2BB4B17200B87F63 /* LoginViewController.swift */; };
		309F727D2BB4B26B00B87F63 /* RegisterViewController.swift in Sources */ = {isa = PBXBuildFile; fileRef = 309F727C2BB4B26B00B87F63 /* RegisterViewController.swift */; };
		309F72802BB4BC3D00B87F63 /* FirebaseAnalytics in Frameworks */ = {isa = PBXBuildFile; productRef = 309F727F2BB4BC3D00B87F63 /* FirebaseAnalytics */; };
		309F72822BB4BC3E00B87F63 /* FirebaseAuth in Frameworks */ = {isa = PBXBuildFile; productRef = 309F72812BB4BC3D00B87F63 /* FirebaseAuth */; };
		309F72842BB4BC3E00B87F63 /* FirebaseFirestore in Frameworks */ = {isa = PBXBuildFile; productRef = 309F72832BB4BC3E00B87F63 /* FirebaseFirestore */; };
		309F72862BB4BC3E00B87F63 /* FirebaseFirestoreSwift in Frameworks */ = {isa = PBXBuildFile; productRef = 309F72852BB4BC3E00B87F63 /* FirebaseFirestoreSwift */; };
		309F72882BB4BD6600B87F63 /* GoogleService-Info.plist in Resources */ = {isa = PBXBuildFile; fileRef = 309F72872BB4BD6600B87F63 /* GoogleService-Info.plist */; };
		30A4913A2BD1C797001DE187 /* ProfileViewController.swift in Sources */ = {isa = PBXBuildFile; fileRef = 30A491392BD1C797001DE187 /* ProfileViewController.swift */; };
		30B4C0C62BC5774500411E82 /* FirebaseManager.swift in Sources */ = {isa = PBXBuildFile; fileRef = 30B4C0C52BC5774500411E82 /* FirebaseManager.swift */; };
		30D49DE62BBD82B600FA40C3 /* NewTrader.swift in Sources */ = {isa = PBXBuildFile; fileRef = 30D49DE52BBD82B600FA40C3 /* NewTrader.swift */; };
		30D49DE82BBD831900FA40C3 /* Currency.swift in Sources */ = {isa = PBXBuildFile; fileRef = 30D49DE72BBD831900FA40C3 /* Currency.swift */; };
		30FC5F512B97D1C5005A4CC6 /* AppDelegate.swift in Sources */ = {isa = PBXBuildFile; fileRef = 30FC5F502B97D1C5005A4CC6 /* AppDelegate.swift */; };
		30FC5F532B97D1C5005A4CC6 /* SceneDelegate.swift in Sources */ = {isa = PBXBuildFile; fileRef = 30FC5F522B97D1C5005A4CC6 /* SceneDelegate.swift */; };
		30FC5F552B97D1C5005A4CC6 /* MainView.swift in Sources */ = {isa = PBXBuildFile; fileRef = 30FC5F542B97D1C5005A4CC6 /* MainView.swift */; };
		30FC5F582B97D1C5005A4CC6 /* Main.storyboard in Resources */ = {isa = PBXBuildFile; fileRef = 30FC5F562B97D1C5005A4CC6 /* Main.storyboard */; };
		30FC5F5D2B97D1C8005A4CC6 /* LaunchScreen.storyboard in Resources */ = {isa = PBXBuildFile; fileRef = 30FC5F5B2B97D1C8005A4CC6 /* LaunchScreen.storyboard */; };
		30FE2BDC2BB22EB800191D2E /* Assets.xcassets in Resources */ = {isa = PBXBuildFile; fileRef = 30FE2BDB2BB22EB700191D2E /* Assets.xcassets */; };
/* End PBXBuildFile section */

/* Begin PBXFileReference section */
		30271F802B9F7C8C002FB1FC /* End.swift */ = {isa = PBXFileReference; lastKnownFileType = sourcecode.swift; path = End.swift; sourceTree = "<group>"; };
		306C38F32BBF1948005A5613 /* User.swift */ = {isa = PBXFileReference; lastKnownFileType = sourcecode.swift; path = User.swift; sourceTree = "<group>"; };
		3072A4492BC5E7FE00A14617 /* Cotization.swift */ = {isa = PBXFileReference; lastKnownFileType = sourcecode.swift; path = Cotization.swift; sourceTree = "<group>"; };
		3072A44B2BC5ED5200A14617 /* ConversionResult.swift */ = {isa = PBXFileReference; lastKnownFileType = sourcecode.swift; path = ConversionResult.swift; sourceTree = "<group>"; };
		309F72782BB4B14900B87F63 /* MyCollectionViewCell.swift */ = {isa = PBXFileReference; lastKnownFileType = sourcecode.swift; path = MyCollectionViewCell.swift; sourceTree = "<group>"; };
		309F727A2BB4B17200B87F63 /* LoginViewController.swift */ = {isa = PBXFileReference; lastKnownFileType = sourcecode.swift; path = LoginViewController.swift; sourceTree = "<group>"; };
		309F727C2BB4B26B00B87F63 /* RegisterViewController.swift */ = {isa = PBXFileReference; lastKnownFileType = sourcecode.swift; path = RegisterViewController.swift; sourceTree = "<group>"; };
		309F72872BB4BD6600B87F63 /* GoogleService-Info.plist */ = {isa = PBXFileReference; fileEncoding = 4; lastKnownFileType = text.plist.xml; path = "GoogleService-Info.plist"; sourceTree = "<group>"; };
		30A491392BD1C797001DE187 /* ProfileViewController.swift */ = {isa = PBXFileReference; lastKnownFileType = sourcecode.swift; path = ProfileViewController.swift; sourceTree = "<group>"; };
		30B4C0C52BC5774500411E82 /* FirebaseManager.swift */ = {isa = PBXFileReference; lastKnownFileType = sourcecode.swift; path = FirebaseManager.swift; sourceTree = "<group>"; };
		30D49DE52BBD82B600FA40C3 /* NewTrader.swift */ = {isa = PBXFileReference; lastKnownFileType = sourcecode.swift; path = NewTrader.swift; sourceTree = "<group>"; };
		30D49DE72BBD831900FA40C3 /* Currency.swift */ = {isa = PBXFileReference; lastKnownFileType = sourcecode.swift; path = Currency.swift; sourceTree = "<group>"; };
		30FC5F4D2B97D1C5005A4CC6 /* Monedero.app */ = {isa = PBXFileReference; explicitFileType = wrapper.application; includeInIndex = 0; path = Monedero.app; sourceTree = BUILT_PRODUCTS_DIR; };
		30FC5F502B97D1C5005A4CC6 /* AppDelegate.swift */ = {isa = PBXFileReference; lastKnownFileType = sourcecode.swift; path = AppDelegate.swift; sourceTree = "<group>"; };
		30FC5F522B97D1C5005A4CC6 /* SceneDelegate.swift */ = {isa = PBXFileReference; lastKnownFileType = sourcecode.swift; path = SceneDelegate.swift; sourceTree = "<group>"; };
		30FC5F542B97D1C5005A4CC6 /* MainView.swift */ = {isa = PBXFileReference; lastKnownFileType = sourcecode.swift; path = MainView.swift; sourceTree = "<group>"; };
		30FC5F572B97D1C5005A4CC6 /* Base */ = {isa = PBXFileReference; lastKnownFileType = file.storyboard; name = Base; path = Base.lproj/Main.storyboard; sourceTree = "<group>"; };
		30FC5F5C2B97D1C8005A4CC6 /* Base */ = {isa = PBXFileReference; lastKnownFileType = file.storyboard; name = Base; path = Base.lproj/LaunchScreen.storyboard; sourceTree = "<group>"; };
		30FC5F5E2B97D1C8005A4CC6 /* Info.plist */ = {isa = PBXFileReference; lastKnownFileType = text.plist.xml; path = Info.plist; sourceTree = "<group>"; };
		30FE2BDB2BB22EB700191D2E /* Assets.xcassets */ = {isa = PBXFileReference; lastKnownFileType = folder.assetcatalog; path = Assets.xcassets; sourceTree = "<group>"; };
/* End PBXFileReference section */

/* Begin PBXFrameworksBuildPhase section */
		30FC5F4A2B97D1C5005A4CC6 /* Frameworks */ = {
			isa = PBXFrameworksBuildPhase;
			buildActionMask = 2147483647;
			files = (
				309F72802BB4BC3D00B87F63 /* FirebaseAnalytics in Frameworks */,
				309F72822BB4BC3E00B87F63 /* FirebaseAuth in Frameworks */,
				309F72842BB4BC3E00B87F63 /* FirebaseFirestore in Frameworks */,
				309F72862BB4BC3E00B87F63 /* FirebaseFirestoreSwift in Frameworks */,
			);
			runOnlyForDeploymentPostprocessing = 0;
		};
/* End PBXFrameworksBuildPhase section */

/* Begin PBXGroup section */
		3026102C2B9FA76700890150 /* Views */ = {
			isa = PBXGroup;
			children = (
				30FC5F562B97D1C5005A4CC6 /* Main.storyboard */,
				30FC5F5B2B97D1C8005A4CC6 /* LaunchScreen.storyboard */,
			);
			path = Views;
			sourceTree = "<group>";
		};
		3026102D2B9FA77B00890150 /* Controller */ = {
			isa = PBXGroup;
			children = (
				30271F802B9F7C8C002FB1FC /* End.swift */,
				30FC5F542B97D1C5005A4CC6 /* MainView.swift */,
				309F727A2BB4B17200B87F63 /* LoginViewController.swift */,
				309F727C2BB4B26B00B87F63 /* RegisterViewController.swift */,
				30D49DE52BBD82B600FA40C3 /* NewTrader.swift */,
				30A491392BD1C797001DE187 /* ProfileViewController.swift */,
			);
			path = Controller;
			sourceTree = "<group>";
		};
		3026102E2B9FA78B00890150 /* Base */ = {
			isa = PBXGroup;
			children = (
				30FC5F502B97D1C5005A4CC6 /* AppDelegate.swift */,
				30FC5F522B97D1C5005A4CC6 /* SceneDelegate.swift */,
			);
			path = Base;
			sourceTree = "<group>";
		};
		3026102F2B9FA7AD00890150 /* Classes */ = {
			isa = PBXGroup;
			children = (
				309F72782BB4B14900B87F63 /* MyCollectionViewCell.swift */,
				30D49DE72BBD831900FA40C3 /* Currency.swift */,
				306C38F32BBF1948005A5613 /* User.swift */,
				30B4C0C52BC5774500411E82 /* FirebaseManager.swift */,
				3072A4492BC5E7FE00A14617 /* Cotization.swift */,
				3072A44B2BC5ED5200A14617 /* ConversionResult.swift */,
			);
			path = Classes;
			sourceTree = "<group>";
		};
		30FC5F442B97D1C5005A4CC6 = {
			isa = PBXGroup;
			children = (
				30FC5F4F2B97D1C5005A4CC6 /* Monedero */,
				30FC5F4E2B97D1C5005A4CC6 /* Products */,
			);
			sourceTree = "<group>";
		};
		30FC5F4E2B97D1C5005A4CC6 /* Products */ = {
			isa = PBXGroup;
			children = (
				30FC5F4D2B97D1C5005A4CC6 /* Monedero.app */,
			);
			name = Products;
			sourceTree = "<group>";
		};
		30FC5F4F2B97D1C5005A4CC6 /* Monedero */ = {
			isa = PBXGroup;
			children = (
				3026102F2B9FA7AD00890150 /* Classes */,
				3026102E2B9FA78B00890150 /* Base */,
				3026102C2B9FA76700890150 /* Views */,
				3026102D2B9FA77B00890150 /* Controller */,
				30FC5F5E2B97D1C8005A4CC6 /* Info.plist */,
				309F72872BB4BD6600B87F63 /* GoogleService-Info.plist */,
				30FE2BDB2BB22EB700191D2E /* Assets.xcassets */,
			);
			path = Monedero;
			sourceTree = "<group>";
		};
/* End PBXGroup section */

/* Begin PBXNativeTarget section */
		30FC5F4C2B97D1C5005A4CC6 /* Monedero */ = {
			isa = PBXNativeTarget;
			buildConfigurationList = 30FC5F612B97D1C8005A4CC6 /* Build configuration list for PBXNativeTarget "Monedero" */;
			buildPhases = (
				30FC5F492B97D1C5005A4CC6 /* Sources */,
				30FC5F4A2B97D1C5005A4CC6 /* Frameworks */,
				30FC5F4B2B97D1C5005A4CC6 /* Resources */,
			);
			buildRules = (
			);
			dependencies = (
			);
			name = Monedero;
			packageProductDependencies = (
				309F727F2BB4BC3D00B87F63 /* FirebaseAnalytics */,
				309F72812BB4BC3D00B87F63 /* FirebaseAuth */,
				309F72832BB4BC3E00B87F63 /* FirebaseFirestore */,
				309F72852BB4BC3E00B87F63 /* FirebaseFirestoreSwift */,
			);
			productName = Monedero;
			productReference = 30FC5F4D2B97D1C5005A4CC6 /* Monedero.app */;
			productType = "com.apple.product-type.application";
		};
/* End PBXNativeTarget section */

/* Begin PBXProject section */
		30FC5F452B97D1C5005A4CC6 /* Project object */ = {
			isa = PBXProject;
			attributes = {
				BuildIndependentTargetsInParallel = 1;
				LastSwiftUpdateCheck = 1520;
				LastUpgradeCheck = 1520;
				TargetAttributes = {
					30FC5F4C2B97D1C5005A4CC6 = {
						CreatedOnToolsVersion = 15.2;
					};
				};
			};
			buildConfigurationList = 30FC5F482B97D1C5005A4CC6 /* Build configuration list for PBXProject "Monedero" */;
			compatibilityVersion = "Xcode 14.0";
			developmentRegion = en;
			hasScannedForEncodings = 0;
			knownRegions = (
				en,
				Base,
			);
			mainGroup = 30FC5F442B97D1C5005A4CC6;
			packageReferences = (
				309F727E2BB4B9DC00B87F63 /* XCRemoteSwiftPackageReference "firebase-ios-sdk" */,
			);
			productRefGroup = 30FC5F4E2B97D1C5005A4CC6 /* Products */;
			projectDirPath = "";
			projectRoot = "";
			targets = (
				30FC5F4C2B97D1C5005A4CC6 /* Monedero */,
			);
		};
/* End PBXProject section */

/* Begin PBXResourcesBuildPhase section */
		30FC5F4B2B97D1C5005A4CC6 /* Resources */ = {
			isa = PBXResourcesBuildPhase;
			buildActionMask = 2147483647;
			files = (
				30FC5F5D2B97D1C8005A4CC6 /* LaunchScreen.storyboard in Resources */,
				309F72882BB4BD6600B87F63 /* GoogleService-Info.plist in Resources */,
				30FE2BDC2BB22EB800191D2E /* Assets.xcassets in Resources */,
				30FC5F582B97D1C5005A4CC6 /* Main.storyboard in Resources */,
			);
			runOnlyForDeploymentPostprocessing = 0;
		};
/* End PBXResourcesBuildPhase section */

/* Begin PBXSourcesBuildPhase section */
		30FC5F492B97D1C5005A4CC6 /* Sources */ = {
			isa = PBXSourcesBuildPhase;
			buildActionMask = 2147483647;
			files = (
				30FC5F552B97D1C5005A4CC6 /* MainView.swift in Sources */,
				30FC5F512B97D1C5005A4CC6 /* AppDelegate.swift in Sources */,
				309F727D2BB4B26B00B87F63 /* RegisterViewController.swift in Sources */,
				309F72792BB4B14900B87F63 /* MyCollectionViewCell.swift in Sources */,
				30A4913A2BD1C797001DE187 /* ProfileViewController.swift in Sources */,
				30B4C0C62BC5774500411E82 /* FirebaseManager.swift in Sources */,
				30FC5F532B97D1C5005A4CC6 /* SceneDelegate.swift in Sources */,
				306C38F42BBF1948005A5613 /* User.swift in Sources */,
				30271F812B9F7C8D002FB1FC /* End.swift in Sources */,
				30D49DE62BBD82B600FA40C3 /* NewTrader.swift in Sources */,
				3072A44C2BC5ED5200A14617 /* ConversionResult.swift in Sources */,
				309F727B2BB4B17200B87F63 /* LoginViewController.swift in Sources */,
				30D49DE82BBD831900FA40C3 /* Currency.swift in Sources */,
				3072A44A2BC5E7FE00A14617 /* Cotization.swift in Sources */,
			);
			runOnlyForDeploymentPostprocessing = 0;
		};
/* End PBXSourcesBuildPhase section */

/* Begin PBXVariantGroup section */
		30FC5F562B97D1C5005A4CC6 /* Main.storyboard */ = {
			isa = PBXVariantGroup;
			children = (
				30FC5F572B97D1C5005A4CC6 /* Base */,
			);
			name = Main.storyboard;
			sourceTree = "<group>";
		};
		30FC5F5B2B97D1C8005A4CC6 /* LaunchScreen.storyboard */ = {
			isa = PBXVariantGroup;
			children = (
				30FC5F5C2B97D1C8005A4CC6 /* Base */,
			);
			name = LaunchScreen.storyboard;
			sourceTree = "<group>";
		};
/* End PBXVariantGroup section */

/* Begin XCBuildConfiguration section */
		30FC5F5F2B97D1C8005A4CC6 /* Debug */ = {
			isa = XCBuildConfiguration;
			buildSettings = {
				ALWAYS_SEARCH_USER_PATHS = NO;
				ASSETCATALOG_COMPILER_GENERATE_SWIFT_ASSET_SYMBOL_EXTENSIONS = YES;
				CLANG_ANALYZER_NONNULL = YES;
				CLANG_ANALYZER_NUMBER_OBJECT_CONVERSION = YES_AGGRESSIVE;
				CLANG_CXX_LANGUAGE_STANDARD = "gnu++20";
				CLANG_ENABLE_MODULES = YES;
				CLANG_ENABLE_OBJC_ARC = YES;
				CLANG_ENABLE_OBJC_WEAK = YES;
				CLANG_WARN_BLOCK_CAPTURE_AUTORELEASING = YES;
				CLANG_WARN_BOOL_CONVERSION = YES;
				CLANG_WARN_COMMA = YES;
				CLANG_WARN_CONSTANT_CONVERSION = YES;
				CLANG_WARN_DEPRECATED_OBJC_IMPLEMENTATIONS = YES;
				CLANG_WARN_DIRECT_OBJC_ISA_USAGE = YES_ERROR;
				CLANG_WARN_DOCUMENTATION_COMMENTS = YES;
				CLANG_WARN_EMPTY_BODY = YES;
				CLANG_WARN_ENUM_CONVERSION = YES;
				CLANG_WARN_INFINITE_RECURSION = YES;
				CLANG_WARN_INT_CONVERSION = YES;
				CLANG_WARN_NON_LITERAL_NULL_CONVERSION = YES;
				CLANG_WARN_OBJC_IMPLICIT_RETAIN_SELF = YES;
				CLANG_WARN_OBJC_LITERAL_CONVERSION = YES;
				CLANG_WARN_OBJC_ROOT_CLASS = YES_ERROR;
				CLANG_WARN_QUOTED_INCLUDE_IN_FRAMEWORK_HEADER = YES;
				CLANG_WARN_RANGE_LOOP_ANALYSIS = YES;
				CLANG_WARN_STRICT_PROTOTYPES = YES;
				CLANG_WARN_SUSPICIOUS_MOVE = YES;
				CLANG_WARN_UNGUARDED_AVAILABILITY = YES_AGGRESSIVE;
				CLANG_WARN_UNREACHABLE_CODE = YES;
				CLANG_WARN__DUPLICATE_METHOD_MATCH = YES;
				COPY_PHASE_STRIP = NO;
				DEBUG_INFORMATION_FORMAT = dwarf;
				ENABLE_STRICT_OBJC_MSGSEND = YES;
				ENABLE_TESTABILITY = YES;
				ENABLE_USER_SCRIPT_SANDBOXING = YES;
				GCC_C_LANGUAGE_STANDARD = gnu17;
				GCC_DYNAMIC_NO_PIC = NO;
				GCC_NO_COMMON_BLOCKS = YES;
				GCC_OPTIMIZATION_LEVEL = 0;
				GCC_PREPROCESSOR_DEFINITIONS = (
					"DEBUG=1",
					"$(inherited)",
				);
				GCC_WARN_64_TO_32_BIT_CONVERSION = YES;
				GCC_WARN_ABOUT_RETURN_TYPE = YES_ERROR;
				GCC_WARN_UNDECLARED_SELECTOR = YES;
				GCC_WARN_UNINITIALIZED_AUTOS = YES_AGGRESSIVE;
				GCC_WARN_UNUSED_FUNCTION = YES;
				GCC_WARN_UNUSED_VARIABLE = YES;
				IPHONEOS_DEPLOYMENT_TARGET = 17.2;
				LOCALIZATION_PREFERS_STRING_CATALOGS = YES;
				MTL_ENABLE_DEBUG_INFO = INCLUDE_SOURCE;
				MTL_FAST_MATH = YES;
				ONLY_ACTIVE_ARCH = YES;
				SDKROOT = iphoneos;
				SWIFT_ACTIVE_COMPILATION_CONDITIONS = "DEBUG $(inherited)";
				SWIFT_OPTIMIZATION_LEVEL = "-Onone";
			};
			name = Debug;
		};
		30FC5F602B97D1C8005A4CC6 /* Release */ = {
			isa = XCBuildConfiguration;
			buildSettings = {
				ALWAYS_SEARCH_USER_PATHS = NO;
				ASSETCATALOG_COMPILER_GENERATE_SWIFT_ASSET_SYMBOL_EXTENSIONS = YES;
				CLANG_ANALYZER_NONNULL = YES;
				CLANG_ANALYZER_NUMBER_OBJECT_CONVERSION = YES_AGGRESSIVE;
				CLANG_CXX_LANGUAGE_STANDARD = "gnu++20";
				CLANG_ENABLE_MODULES = YES;
				CLANG_ENABLE_OBJC_ARC = YES;
				CLANG_ENABLE_OBJC_WEAK = YES;
				CLANG_WARN_BLOCK_CAPTURE_AUTORELEASING = YES;
				CLANG_WARN_BOOL_CONVERSION = YES;
				CLANG_WARN_COMMA = YES;
				CLANG_WARN_CONSTANT_CONVERSION = YES;
				CLANG_WARN_DEPRECATED_OBJC_IMPLEMENTATIONS = YES;
				CLANG_WARN_DIRECT_OBJC_ISA_USAGE = YES_ERROR;
				CLANG_WARN_DOCUMENTATION_COMMENTS = YES;
				CLANG_WARN_EMPTY_BODY = YES;
				CLANG_WARN_ENUM_CONVERSION = YES;
				CLANG_WARN_INFINITE_RECURSION = YES;
				CLANG_WARN_INT_CONVERSION = YES;
				CLANG_WARN_NON_LITERAL_NULL_CONVERSION = YES;
				CLANG_WARN_OBJC_IMPLICIT_RETAIN_SELF = YES;
				CLANG_WARN_OBJC_LITERAL_CONVERSION = YES;
				CLANG_WARN_OBJC_ROOT_CLASS = YES_ERROR;
				CLANG_WARN_QUOTED_INCLUDE_IN_FRAMEWORK_HEADER = YES;
				CLANG_WARN_RANGE_LOOP_ANALYSIS = YES;
				CLANG_WARN_STRICT_PROTOTYPES = YES;
				CLANG_WARN_SUSPICIOUS_MOVE = YES;
				CLANG_WARN_UNGUARDED_AVAILABILITY = YES_AGGRESSIVE;
				CLANG_WARN_UNREACHABLE_CODE = YES;
				CLANG_WARN__DUPLICATE_METHOD_MATCH = YES;
				COPY_PHASE_STRIP = NO;
				DEBUG_INFORMATION_FORMAT = "dwarf-with-dsym";
				ENABLE_NS_ASSERTIONS = NO;
				ENABLE_STRICT_OBJC_MSGSEND = YES;
				ENABLE_USER_SCRIPT_SANDBOXING = YES;
				GCC_C_LANGUAGE_STANDARD = gnu17;
				GCC_NO_COMMON_BLOCKS = YES;
				GCC_WARN_64_TO_32_BIT_CONVERSION = YES;
				GCC_WARN_ABOUT_RETURN_TYPE = YES_ERROR;
				GCC_WARN_UNDECLARED_SELECTOR = YES;
				GCC_WARN_UNINITIALIZED_AUTOS = YES_AGGRESSIVE;
				GCC_WARN_UNUSED_FUNCTION = YES;
				GCC_WARN_UNUSED_VARIABLE = YES;
				IPHONEOS_DEPLOYMENT_TARGET = 17.2;
				LOCALIZATION_PREFERS_STRING_CATALOGS = YES;
				MTL_ENABLE_DEBUG_INFO = NO;
				MTL_FAST_MATH = YES;
				SDKROOT = iphoneos;
				SWIFT_COMPILATION_MODE = wholemodule;
				VALIDATE_PRODUCT = YES;
			};
			name = Release;
		};
		30FC5F622B97D1C8005A4CC6 /* Debug */ = {
			isa = XCBuildConfiguration;
			buildSettings = {
				ASSETCATALOG_COMPILER_APPICON_NAME = AppIcon;
				ASSETCATALOG_COMPILER_GLOBAL_ACCENT_COLOR_NAME = AccentColor;
				CODE_SIGN_STYLE = Automatic;
				CURRENT_PROJECT_VERSION = 1;
				DEVELOPMENT_TEAM = R4WAYFKGCS;
				GENERATE_INFOPLIST_FILE = YES;
				INFOPLIST_FILE = Monedero/Info.plist;
				INFOPLIST_KEY_UIApplicationSupportsIndirectInputEvents = YES;
				INFOPLIST_KEY_UILaunchStoryboardName = LaunchScreen;
				INFOPLIST_KEY_UIMainStoryboardFile = Main;
				INFOPLIST_KEY_UISupportedInterfaceOrientations_iPad = "UIInterfaceOrientationPortrait UIInterfaceOrientationPortraitUpsideDown UIInterfaceOrientationLandscapeLeft UIInterfaceOrientationLandscapeRight";
				INFOPLIST_KEY_UISupportedInterfaceOrientations_iPhone = "UIInterfaceOrientationPortrait UIInterfaceOrientationLandscapeLeft UIInterfaceOrientationLandscapeRight";
				LD_RUNPATH_SEARCH_PATHS = (
					"$(inherited)",
					"@executable_path/Frameworks",
				);
				MARKETING_VERSION = 1.0;
				PRODUCT_BUNDLE_IDENTIFIER = map.Monedero;
				PRODUCT_NAME = "$(TARGET_NAME)";
				SWIFT_EMIT_LOC_STRINGS = YES;
				SWIFT_VERSION = 5.0;
				TARGETED_DEVICE_FAMILY = "1,2";
			};
			name = Debug;
		};
		30FC5F632B97D1C8005A4CC6 /* Release */ = {
			isa = XCBuildConfiguration;
			buildSettings = {
				ASSETCATALOG_COMPILER_APPICON_NAME = AppIcon;
				ASSETCATALOG_COMPILER_GLOBAL_ACCENT_COLOR_NAME = AccentColor;
				CODE_SIGN_STYLE = Automatic;
				CURRENT_PROJECT_VERSION = 1;
				DEVELOPMENT_TEAM = R4WAYFKGCS;
				GENERATE_INFOPLIST_FILE = YES;
				INFOPLIST_FILE = Monedero/Info.plist;
				INFOPLIST_KEY_UIApplicationSupportsIndirectInputEvents = YES;
				INFOPLIST_KEY_UILaunchStoryboardName = LaunchScreen;
				INFOPLIST_KEY_UIMainStoryboardFile = Main;
				INFOPLIST_KEY_UISupportedInterfaceOrientations_iPad = "UIInterfaceOrientationPortrait UIInterfaceOrientationPortraitUpsideDown UIInterfaceOrientationLandscapeLeft UIInterfaceOrientationLandscapeRight";
				INFOPLIST_KEY_UISupportedInterfaceOrientations_iPhone = "UIInterfaceOrientationPortrait UIInterfaceOrientationLandscapeLeft UIInterfaceOrientationLandscapeRight";
				LD_RUNPATH_SEARCH_PATHS = (
					"$(inherited)",
					"@executable_path/Frameworks",
				);
				MARKETING_VERSION = 1.0;
				PRODUCT_BUNDLE_IDENTIFIER = map.Monedero;
				PRODUCT_NAME = "$(TARGET_NAME)";
				SWIFT_EMIT_LOC_STRINGS = YES;
				SWIFT_VERSION = 5.0;
				TARGETED_DEVICE_FAMILY = "1,2";
			};
			name = Release;
		};
/* End XCBuildConfiguration section */

/* Begin XCConfigurationList section */
		30FC5F482B97D1C5005A4CC6 /* Build configuration list for PBXProject "Monedero" */ = {
			isa = XCConfigurationList;
			buildConfigurations = (
				30FC5F5F2B97D1C8005A4CC6 /* Debug */,
				30FC5F602B97D1C8005A4CC6 /* Release */,
			);
			defaultConfigurationIsVisible = 0;
			defaultConfigurationName = Release;
		};
		30FC5F612B97D1C8005A4CC6 /* Build configuration list for PBXNativeTarget "Monedero" */ = {
			isa = XCConfigurationList;
			buildConfigurations = (
				30FC5F622B97D1C8005A4CC6 /* Debug */,
				30FC5F632B97D1C8005A4CC6 /* Release */,
			);
			defaultConfigurationIsVisible = 0;
			defaultConfigurationName = Release;
		};
/* End XCConfigurationList section */

/* Begin XCRemoteSwiftPackageReference section */
		309F727E2BB4B9DC00B87F63 /* XCRemoteSwiftPackageReference "firebase-ios-sdk" */ = {
			isa = XCRemoteSwiftPackageReference;
			repositoryURL = "https://github.com/firebase/firebase-ios-sdk";
			requirement = {
				kind = upToNextMajorVersion;
				minimumVersion = 10.23.0;
			};
		};
/* End XCRemoteSwiftPackageReference section */

/* Begin XCSwiftPackageProductDependency section */
		309F727F2BB4BC3D00B87F63 /* FirebaseAnalytics */ = {
			isa = XCSwiftPackageProductDependency;
			package = 309F727E2BB4B9DC00B87F63 /* XCRemoteSwiftPackageReference "firebase-ios-sdk" */;
			productName = FirebaseAnalytics;
		};
		309F72812BB4BC3D00B87F63 /* FirebaseAuth */ = {
			isa = XCSwiftPackageProductDependency;
			package = 309F727E2BB4B9DC00B87F63 /* XCRemoteSwiftPackageReference "firebase-ios-sdk" */;
			productName = FirebaseAuth;
		};
		309F72832BB4BC3E00B87F63 /* FirebaseFirestore */ = {
			isa = XCSwiftPackageProductDependency;
			package = 309F727E2BB4B9DC00B87F63 /* XCRemoteSwiftPackageReference "firebase-ios-sdk" */;
			productName = FirebaseFirestore;
		};
		309F72852BB4BC3E00B87F63 /* FirebaseFirestoreSwift */ = {
			isa = XCSwiftPackageProductDependency;
			package = 309F727E2BB4B9DC00B87F63 /* XCRemoteSwiftPackageReference "firebase-ios-sdk" */;
			productName = FirebaseFirestoreSwift;
		};
/* End XCSwiftPackageProductDependency section */
	};
	rootObject = 30FC5F452B97D1C5005A4CC6 /* Project object */;
}
